{
  "name": "scripterio-example",
  "version": "1.0.0",
  "lockfileVersion": 3,
  "requires": true,
  "packages": {
    "": {
      "name": "scripterio-example",
      "version": "1.0.0",
      "license": "ISC",
      "dependencies": {
        "playwright": "^1.53.1",
        "scripterio": "^1.9.1"
      }
    },
    "../../../scripterio": {
      "extraneous": true
    },
    "../../../scripterio/src/index.mjs": {
      "extraneous": true
    },
    "../scripterio": {
      "version": "1.7.0",
      "extraneous": true,
      "license": "MIT",
      "bin": {
        "scripterio": "src/runner.mjs"
      },
      "devDependencies": {
        "eslint": "^8.56.0",
        "eslint-config-standard": "^17.1.0",
        "eslint-plugin-import": "^2.29.1",
        "eslint-plugin-n": "^16.6.1",
        "eslint-plugin-promise": "^6.1.1",
        "prettier": "3.0.3"
      }
    },
    "node_modules/fsevents": {
      "version": "2.3.2",
      "resolved": "https://registry.npmjs.org/fsevents/-/fsevents-2.3.2.tgz",
      "integrity": "sha512-xiqMQR4xAeHTuB9uWm+fFRcIOgKBMiOBP+eXiyT7jsgVCq1bkVygt00oASowB7EdtpOHaaPgKt812P9ab+DDKA==",
      "hasInstallScript": true,
      "license": "MIT",
      "optional": true,
      "os": [
        "darwin"
      ],
      "engines": {
        "node": "^8.16.0 || ^10.6.0 || >=11.0.0"
      }
    },
    "node_modules/playwright": {
      "version": "1.53.1",
      "resolved": "https://registry.npmjs.org/playwright/-/playwright-1.53.1.tgz",
      "integrity": "sha512-LJ13YLr/ocweuwxyGf1XNFWIU4M2zUSo149Qbp+A4cpwDjsxRPj7k6H25LBrEHiEwxvRbD8HdwvQmRMSvquhYw==",
      "license": "Apache-2.0",
      "dependencies": {
        "playwright-core": "1.53.1"
      },
      "bin": {
        "playwright": "cli.js"
      },
      "engines": {
        "node": ">=18"
      },
      "optionalDependencies": {
        "fsevents": "2.3.2"
      }
    },
    "node_modules/playwright-core": {
      "version": "1.53.1",
      "resolved": "https://registry.npmjs.org/playwright-core/-/playwright-core-1.53.1.tgz",
      "integrity": "sha512-Z46Oq7tLAyT0lGoFx4DOuB1IA9D1TPj0QkYxpPVUnGDqHHvDpCftu1J2hM2PiWsNMoZh8+LQaarAWcDfPBc6zg==",
      "license": "Apache-2.0",
      "bin": {
        "playwright-core": "cli.js"
      },
      "engines": {
        "node": ">=18"
      }
    },
    "node_modules/scripterio": {
      "version": "1.9.1",
      "resolved": "https://registry.npmjs.org/scripterio/-/scripterio-1.9.1.tgz",
      "integrity": "sha512-iMWoltFG7KEYDK6CNwoEd6kUPP6BWEafOjA2JhQDEYqkmqgzTikdh736eRuenS8fSEpM7tWM9/+ErFG5DRYRrA==",
      "license": "MIT",
      "bin": {
        "scripterio": "src/runner.mjs"
      }
    }
  }
}
